
Microsoft Visual Studio Solution File, Format Version 12.00
Project("{FAE04EC0-301F-11D3-BF4B-00C04F79EFBC}") = "HandyBook", "HandyBook\HandyBook\HandyBook.csproj", "{B32B7FEA-6C28-4D31-8855-2AE7A6247679}"
EndProject
Project("{FAE04EC0-301F-11D3-BF4B-00C04F79EFBC}") = "CakeBuild", "HandyBook\ZZCakeBuild\CakeBuild.csproj", "{2AFBA725-C70B-4205-81E9-91701E22F100}"
EndProject
Global
	GlobalSection(SolutionConfigurationPlatforms) = preSolution
		Debug|Any CPU = Debug|Any CPU
		Release|Any CPU = Release|Any CPU
	EndGlobalSection
	GlobalSection(ProjectConfigurationPlatforms) = postSolution
		{B32B7FEA-6C28-4D31-8855-2AE7A6247679}.Debug|Any CPU.ActiveCfg = Debug|Any CPU
		{B32B7FEA-6C28-4D31-8855-2AE7A6247679}.Debug|Any CPU.Build.0 = Debug|Any CPU
		{B32B7FEA-6C28-4D31-8855-2AE7A6247679}.Release|Any CPU.ActiveCfg = Release|Any CPU
		{B32B7FEA-6C28-4D31-8855-2AE7A6247679}.Release|Any CPU.Build.0 = Release|Any CPU
		{2AFBA725-C70B-4205-81E9-91701E22F100}.Debug|Any CPU.ActiveCfg = Debug|Any CPU
		{2AFBA725-C70B-4205-81E9-91701E22F100}.Debug|Any CPU.Build.0 = Debug|Any CPU
		{2AFBA725-C70B-4205-81E9-91701E22F100}.Release|Any CPU.ActiveCfg = Release|Any CPU
		{2AFBA725-C70B-4205-81E9-91701E22F100}.Release|Any CPU.Build.0 = Release|Any CPU
	EndGlobalSection
EndGlobal
